
Microsoft Visual Studio Solution File, Format Version 12.00
# Visual Studio 15
VisualStudioVersion = 15.0.28010.2026
MinimumVisualStudioVersion = 10.0.40219.1
Project("{9A19103F-16F7-4668-BE54-9A1E7A4F7556}") = "01.UrlDecode", "01.UrlDecode\01.UrlDecode.csproj", "{03DE7CAD-55A4-4EE4-8E08-B9E1761A17B0}"
EndProject
Project("{9A19103F-16F7-4668-BE54-9A1E7A4F7556}") = "02.ValidateUrl", "02.ValidateUrl\02.ValidateUrl.csproj", "{0BBC75FC-9EEB-4252-A712-86FA55B384CE}"
EndProject
Project("{FAE04EC0-301F-11D3-BF4B-00C04F79EFBC}") = "03.RequestParser", "03.RequestParser\03.RequestParser.csproj", "{5FA43CA5-9093-4A56-95A0-978314A6B64B}"
EndProject
Global
	GlobalSection(SolutionConfigurationPlatforms) = preSolution
		Debug|Any CPU = Debug|Any CPU
		Release|Any CPU = Release|Any CPU
	EndGlobalSection
	GlobalSection(ProjectConfigurationPlatforms) = postSolution
		{03DE7CAD-55A4-4EE4-8E08-B9E1761A17B0}.Debug|Any CPU.ActiveCfg = Debug|Any CPU
		{03DE7CAD-55A4-4EE4-8E08-B9E1761A17B0}.Debug|Any CPU.Build.0 = Debug|Any CPU
		{03DE7CAD-55A4-4EE4-8E08-B9E1761A17B0}.Release|Any CPU.ActiveCfg = Release|Any CPU
		{03DE7CAD-55A4-4EE4-8E08-B9E1761A17B0}.Release|Any CPU.Build.0 = Release|Any CPU
		{0BBC75FC-9EEB-4252-A712-86FA55B384CE}.Debug|Any CPU.ActiveCfg = Debug|Any CPU
		{0BBC75FC-9EEB-4252-A712-86FA55B384CE}.Debug|Any CPU.Build.0 = Debug|Any CPU
		{0BBC75FC-9EEB-4252-A712-86FA55B384CE}.Release|Any CPU.ActiveCfg = Release|Any CPU
		{0BBC75FC-9EEB-4252-A712-86FA55B384CE}.Release|Any CPU.Build.0 = Release|Any CPU
		{5FA43CA5-9093-4A56-95A0-978314A6B64B}.Debug|Any CPU.ActiveCfg = Debug|Any CPU
		{5FA43CA5-9093-4A56-95A0-978314A6B64B}.Debug|Any CPU.Build.0 = Debug|Any CPU
		{5FA43CA5-9093-4A56-95A0-978314A6B64B}.Release|Any CPU.ActiveCfg = Release|Any CPU
		{5FA43CA5-9093-4A56-95A0-978314A6B64B}.Release|Any CPU.Build.0 = Release|Any CPU
	EndGlobalSection
	GlobalSection(SolutionProperties) = preSolution
		HideSolutionNode = FALSE
	EndGlobalSection
	GlobalSection(ExtensibilityGlobals) = postSolution
		SolutionGuid = {8EF5C528-CCE8-4074-AE74-F4ACDA916CE0}
	EndGlobalSection
EndGlobal
